{
  "version": "3",
  "packages": {
    "specifiers": {
      "npm:rehype-stringify@10.0.0": "npm:rehype-stringify@10.0.0",
      "npm:remark-gfm@4.0.0": "npm:remark-gfm@4.0.0",
      "npm:remark-parse@11.0.0": "npm:remark-parse@11.0.0",
      "npm:remark-rehype@11.1.0": "npm:remark-rehype@11.1.0",
      "npm:unified@11.0.4": "npm:unified@11.0.4"
    },
    "npm": {
      "@types/debug@4.1.12": {
        "integrity": "sha512-vIChWdVG3LG1SMxEvI/AK+FWJthlrqlTu7fbrlywTkkaONwk/UAGaULXRlf8vkzFBLVm0zkMdCquhL5aOjhXPQ==",
        "dependencies": {
          "@types/ms": "@types/ms@0.7.34"
        }
      },
      "@types/hast@3.0.4": {
        "integrity": "sha512-WPs+bbQw5aCj+x6laNGWLH3wviHtoCv/P3+otBhbOhJgG8qtpdAMlTCxLtsTWA7LH1Oh/bFCHsBn0TPS5m30EQ==",
        "dependencies": {
          "@types/unist": "@types/unist@3.0.2"
        }
      },
      "@types/mdast@4.0.4": {
        "integrity": "sha512-kGaNbPh1k7AFzgpud/gMdvIm5xuECykRR+JnWKQno9TAXVa6WIVCGTPvYGekIDL4uwCZQSYbUxNBSb1aUo79oA==",
        "dependencies": {
          "@types/unist": "@types/unist@3.0.2"
        }
      },
      "@types/ms@0.7.34": {
        "integrity": "sha512-nG96G3Wp6acyAgJqGasjODb+acrI7KltPiRxzHPXnP3NgI28bpQDRv53olbqGXbfcgF5aiiHmO3xpwEpS5Ld9g==",
        "dependencies": {}
      },
      "@types/unist@3.0.2": {
        "integrity": "sha512-dqId9J8K/vGi5Zr7oo212BGii5m3q5Hxlkwy3WpYuKPklmBEvsbMYYyLxAQpSffdLl/gdW0XUpKWFvYmyoWCoQ==",
        "dependencies": {}
      },
      "@ungap/structured-clone@1.2.0": {
        "integrity": "sha512-zuVdFrMJiuCDQUMCzQaD6KL28MjnqqN8XnAqiEq9PNm/hCPTSGfrXCOfwj1ow4LFb/tNymJPwsNbVePc1xFqrQ==",
        "dependencies": {}
      },
      "bail@2.0.2": {
        "integrity": "sha512-0xO6mYd7JB2YesxDKplafRpsiOzPt9V02ddPCLbY1xYGPOX24NTyN50qnUxgCPcSoYMhKpAuBTjQoRZCAkUDRw==",
        "dependencies": {}
      },
      "ccount@2.0.1": {
        "integrity": "sha512-eyrF0jiFpY+3drT6383f1qhkbGsLSifNAjA61IUjZjmLCWjItY6LB9ft9YhoDgwfmclB2zhu51Lc7+95b8NRAg==",
        "dependencies": {}
      },
      "character-entities-html4@2.1.0": {
        "integrity": "sha512-1v7fgQRj6hnSwFpq1Eu0ynr/CDEw0rXo2B61qXrLNdHZmPKgb7fqS1a2JwF0rISo9q77jDI8VMEHoApn8qDoZA==",
        "dependencies": {}
      },
      "character-entities-legacy@3.0.0": {
        "integrity": "sha512-RpPp0asT/6ufRm//AJVwpViZbGM/MkjQFxJccQRHmISF/22NBtsHqAWmL+/pmkPWoIUJdWyeVleTl1wydHATVQ==",
        "dependencies": {}
      },
      "character-entities@2.0.2": {
        "integrity": "sha512-shx7oQ0Awen/BRIdkjkvz54PnEEI/EjwXDSIZp86/KKdbafHh1Df/RYGBhn4hbe2+uKC9FnT5UCEdyPz3ai9hQ==",
        "dependencies": {}
      },
      "comma-separated-tokens@2.0.3": {
        "integrity": "sha512-Fu4hJdvzeylCfQPp9SGWidpzrMs7tTrlu6Vb8XGaRGck8QSNZJJp538Wrb60Lax4fPwR64ViY468OIUTbRlGZg==",
        "dependencies": {}
      },
      "debug@4.3.4": {
        "integrity": "sha512-PRWFHuSU3eDtQJPvnNY7Jcket1j0t5OuOsFzPPzsekD52Zl8qUfFIPEiswXqIvHWGVHOgX+7G/vCNNhehwxfkQ==",
        "dependencies": {
          "ms": "ms@2.1.2"
        }
      },
      "decode-named-character-reference@1.0.2": {
        "integrity": "sha512-O8x12RzrUF8xyVcY0KJowWsmaJxQbmy0/EtnNtHRpsOcT7dFk5W598coHqBVpmWo1oQQfsCqfCmkZN5DJrZVdg==",
        "dependencies": {
          "character-entities": "character-entities@2.0.2"
        }
      },
      "dequal@2.0.3": {
        "integrity": "sha512-0je+qPKHEMohvfRTCEo3CrPG6cAzAYgmzKyxRiYSSDkS6eGJdyVJm7WaYA5ECaAD9wLB2T4EEeymA5aFVcYXCA==",
        "dependencies": {}
      },
      "devlop@1.1.0": {
        "integrity": "sha512-RWmIqhcFf1lRYBvNmr7qTNuyCt/7/ns2jbpp1+PalgE/rDQcBT0fioSMUpJ93irlUhC5hrg4cYqe6U+0ImW0rA==",
        "dependencies": {
          "dequal": "dequal@2.0.3"
        }
      },
      "entities@4.5.0": {
        "integrity": "sha512-V0hjH4dGPh9Ao5p0MoRY6BVqtwCjhz6vI5LT8AJ55H+4g9/4vbHx1I54fS0XuclLhDHArPQCiMjDxjaL8fPxhw==",
        "dependencies": {}
      },
      "escape-string-regexp@5.0.0": {
        "integrity": "sha512-/veY75JbMK4j1yjvuUxuVsiS/hr/4iHs9FTT6cgTexxdE0Ly/glccBAkloH/DofkjRbZU3bnoj38mOmhkZ0lHw==",
        "dependencies": {}
      },
      "extend@3.0.2": {
        "integrity": "sha512-fjquC59cD7CyW6urNXK0FBufkZcoiGG80wTuPujX590cB5Ttln20E2UB4S/WARVqhXffZl2LNgS+gQdPIIim/g==",
        "dependencies": {}
      },
      "hast-util-from-parse5@8.0.1": {
        "integrity": "sha512-Er/Iixbc7IEa7r/XLtuG52zoqn/b3Xng/w6aZQ0xGVxzhw5xUFxcRqdPzP6yFi/4HBYRaifaI5fQ1RH8n0ZeOQ==",
        "dependencies": {
          "@types/hast": "@types/hast@3.0.4",
          "@types/unist": "@types/unist@3.0.2",
          "devlop": "devlop@1.1.0",
          "hastscript": "hastscript@8.0.0",
          "property-information": "property-information@6.5.0",
          "vfile": "vfile@6.0.1",
          "vfile-location": "vfile-location@5.0.2",
          "web-namespaces": "web-namespaces@2.0.1"
        }
      },
      "hast-util-parse-selector@4.0.0": {
        "integrity": "sha512-wkQCkSYoOGCRKERFWcxMVMOcYE2K1AaNLU8DXS9arxnLOUEWbOXKXiJUNzEpqZ3JOKpnha3jkFrumEjVliDe7A==",
        "dependencies": {
          "@types/hast": "@types/hast@3.0.4"
        }
      },
      "hast-util-raw@9.0.3": {
        "integrity": "sha512-ICWvVOF2fq4+7CMmtCPD5CM4QKjPbHpPotE6+8tDooV0ZuyJVUzHsrNX+O5NaRbieTf0F7FfeBOMAwi6Td0+yQ==",
        "dependencies": {
          "@types/hast": "@types/hast@3.0.4",
          "@types/unist": "@types/unist@3.0.2",
          "@ungap/structured-clone": "@ungap/structured-clone@1.2.0",
          "hast-util-from-parse5": "hast-util-from-parse5@8.0.1",
          "hast-util-to-parse5": "hast-util-to-parse5@8.0.0",
          "html-void-elements": "html-void-elements@3.0.0",
          "mdast-util-to-hast": "mdast-util-to-hast@13.1.0",
          "parse5": "parse5@7.1.2",
          "unist-util-position": "unist-util-position@5.0.0",
          "unist-util-visit": "unist-util-visit@5.0.0",
          "vfile": "vfile@6.0.1",
          "web-namespaces": "web-namespaces@2.0.1",
          "zwitch": "zwitch@2.0.4"
        }
      },
      "hast-util-to-html@9.0.1": {
        "integrity": "sha512-hZOofyZANbyWo+9RP75xIDV/gq+OUKx+T46IlwERnKmfpwp81XBFbT9mi26ws+SJchA4RVUQwIBJpqEOBhMzEQ==",
        "dependencies": {
          "@types/hast": "@types/hast@3.0.4",
          "@types/unist": "@types/unist@3.0.2",
          "ccount": "ccount@2.0.1",
          "comma-separated-tokens": "comma-separated-tokens@2.0.3",
          "hast-util-raw": "hast-util-raw@9.0.3",
          "hast-util-whitespace": "hast-util-whitespace@3.0.0",
          "html-void-elements": "html-void-elements@3.0.0",
          "mdast-util-to-hast": "mdast-util-to-hast@13.1.0",
          "property-information": "property-information@6.5.0",
          "space-separated-tokens": "space-separated-tokens@2.0.2",
          "stringify-entities": "stringify-entities@4.0.4",
          "zwitch": "zwitch@2.0.4"
        }
      },
      "hast-util-to-parse5@8.0.0": {
        "integrity": "sha512-3KKrV5ZVI8if87DVSi1vDeByYrkGzg4mEfeu4alwgmmIeARiBLKCZS2uw5Gb6nU9x9Yufyj3iudm6i7nl52PFw==",
        "dependencies": {
          "@types/hast": "@types/hast@3.0.4",
          "comma-separated-tokens": "comma-separated-tokens@2.0.3",
          "devlop": "devlop@1.1.0",
          "property-information": "property-information@6.5.0",
          "space-separated-tokens": "space-separated-tokens@2.0.2",
          "web-namespaces": "web-namespaces@2.0.1",
          "zwitch": "zwitch@2.0.4"
        }
      },
      "hast-util-whitespace@3.0.0": {
        "integrity": "sha512-88JUN06ipLwsnv+dVn+OIYOvAuvBMy/Qoi6O7mQHxdPXpjy+Cd6xRkWwux7DKO+4sYILtLBRIKgsdpS2gQc7qw==",
        "dependencies": {
          "@types/hast": "@types/hast@3.0.4"
        }
      },
      "hastscript@8.0.0": {
        "integrity": "sha512-dMOtzCEd3ABUeSIISmrETiKuyydk1w0pa+gE/uormcTpSYuaNJPbX1NU3JLyscSLjwAQM8bWMhhIlnCqnRvDTw==",
        "dependencies": {
          "@types/hast": "@types/hast@3.0.4",
          "comma-separated-tokens": "comma-separated-tokens@2.0.3",
          "hast-util-parse-selector": "hast-util-parse-selector@4.0.0",
          "property-information": "property-information@6.5.0",
          "space-separated-tokens": "space-separated-tokens@2.0.2"
        }
      },
      "html-void-elements@3.0.0": {
        "integrity": "sha512-bEqo66MRXsUGxWHV5IP0PUiAWwoEjba4VCzg0LjFJBpchPaTfyfCKTG6bc5F8ucKec3q5y6qOdGyYTSBEvhCrg==",
        "dependencies": {}
      },
      "is-plain-obj@4.1.0": {
        "integrity": "sha512-+Pgi+vMuUNkJyExiMBt5IlFoMyKnr5zhJ4Uspz58WOhBF5QoIZkFyNHIbBAtHwzVAgk5RtndVNsDRN61/mmDqg==",
        "dependencies": {}
      },
      "longest-streak@3.1.0": {
        "integrity": "sha512-9Ri+o0JYgehTaVBBDoMqIl8GXtbWg711O3srftcHhZ0dqnETqLaoIK0x17fUw9rFSlK/0NlsKe0Ahhyl5pXE2g==",
        "dependencies": {}
      },
      "markdown-table@3.0.3": {
        "integrity": "sha512-Z1NL3Tb1M9wH4XESsCDEksWoKTdlUafKc4pt0GRwjUyXaCFZ+dc3g2erqB6zm3szA2IUSi7VnPI+o/9jnxh9hw==",
        "dependencies": {}
      },
      "mdast-util-find-and-replace@3.0.1": {
        "integrity": "sha512-SG21kZHGC3XRTSUhtofZkBzZTJNM5ecCi0SK2IMKmSXR8vO3peL+kb1O0z7Zl83jKtutG4k5Wv/W7V3/YHvzPA==",
        "dependencies": {
          "@types/mdast": "@types/mdast@4.0.4",
          "escape-string-regexp": "escape-string-regexp@5.0.0",
          "unist-util-is": "unist-util-is@6.0.0",
          "unist-util-visit-parents": "unist-util-visit-parents@6.0.1"
        }
      },
      "mdast-util-from-markdown@2.0.0": {
        "integrity": "sha512-n7MTOr/z+8NAX/wmhhDji8O3bRvPTV/U0oTCaZJkjhPSKTPhS3xufVhKGF8s1pJ7Ox4QgoIU7KHseh09S+9rTA==",
        "dependencies": {
          "@types/mdast": "@types/mdast@4.0.4",
          "@types/unist": "@types/unist@3.0.2",
          "decode-named-character-reference": "decode-named-character-reference@1.0.2",
          "devlop": "devlop@1.1.0",
          "mdast-util-to-string": "mdast-util-to-string@4.0.0",
          "micromark": "micromark@4.0.0",
          "micromark-util-decode-numeric-character-reference": "micromark-util-decode-numeric-character-reference@2.0.1",
          "micromark-util-decode-string": "micromark-util-decode-string@2.0.0",
          "micromark-util-normalize-identifier": "micromark-util-normalize-identifier@2.0.0",
          "micromark-util-symbol": "micromark-util-symbol@2.0.0",
          "micromark-util-types": "micromark-util-types@2.0.0",
          "unist-util-stringify-position": "unist-util-stringify-position@4.0.0"
        }
      },
      "mdast-util-gfm-autolink-literal@2.0.0": {
        "integrity": "sha512-FyzMsduZZHSc3i0Px3PQcBT4WJY/X/RCtEJKuybiC6sjPqLv7h1yqAkmILZtuxMSsUyaLUWNp71+vQH2zqp5cg==",
        "dependencies": {
          "@types/mdast": "@types/mdast@4.0.4",
          "ccount": "ccount@2.0.1",
          "devlop": "devlop@1.1.0",
          "mdast-util-find-and-replace": "mdast-util-find-and-replace@3.0.1",
          "micromark-util-character": "micromark-util-character@2.1.0"
        }
      },
      "mdast-util-gfm-footnote@2.0.0": {
        "integrity": "sha512-5jOT2boTSVkMnQ7LTrd6n/18kqwjmuYqo7JUPe+tRCY6O7dAuTFMtTPauYYrMPpox9hlN0uOx/FL8XvEfG9/mQ==",
        "dependencies": {
          "@types/mdast": "@types/mdast@4.0.4",
          "devlop": "devlop@1.1.0",
          "mdast-util-from-markdown": "mdast-util-from-markdown@2.0.0",
          "mdast-util-to-markdown": "mdast-util-to-markdown@2.1.0",
          "micromark-util-normalize-identifier": "micromark-util-normalize-identifier@2.0.0"
        }
      },
      "mdast-util-gfm-strikethrough@2.0.0": {
        "integrity": "sha512-mKKb915TF+OC5ptj5bJ7WFRPdYtuHv0yTRxK2tJvi+BDqbkiG7h7u/9SI89nRAYcmap2xHQL9D+QG/6wSrTtXg==",
        "dependencies": {
          "@types/mdast": "@types/mdast@4.0.4",
          "mdast-util-from-markdown": "mdast-util-from-markdown@2.0.0",
          "mdast-util-to-markdown": "mdast-util-to-markdown@2.1.0"
        }
      },
      "mdast-util-gfm-table@2.0.0": {
        "integrity": "sha512-78UEvebzz/rJIxLvE7ZtDd/vIQ0RHv+3Mh5DR96p7cS7HsBhYIICDBCu8csTNWNO6tBWfqXPWekRuj2FNOGOZg==",
        "dependencies": {
          "@types/mdast": "@types/mdast@4.0.4",
          "devlop": "devlop@1.1.0",
          "markdown-table": "markdown-table@3.0.3",
          "mdast-util-from-markdown": "mdast-util-from-markdown@2.0.0",
          "mdast-util-to-markdown": "mdast-util-to-markdown@2.1.0"
        }
      },
      "mdast-util-gfm-task-list-item@2.0.0": {
        "integrity": "sha512-IrtvNvjxC1o06taBAVJznEnkiHxLFTzgonUdy8hzFVeDun0uTjxxrRGVaNFqkU1wJR3RBPEfsxmU6jDWPofrTQ==",
        "dependencies": {
          "@types/mdast": "@types/mdast@4.0.4",
          "devlop": "devlop@1.1.0",
          "mdast-util-from-markdown": "mdast-util-from-markdown@2.0.0",
          "mdast-util-to-markdown": "mdast-util-to-markdown@2.1.0"
        }
      },
      "mdast-util-gfm@3.0.0": {
        "integrity": "sha512-dgQEX5Amaq+DuUqf26jJqSK9qgixgd6rYDHAv4aTBuA92cTknZlKpPfa86Z/s8Dj8xsAQpFfBmPUHWJBWqS4Bw==",
        "dependencies": {
          "mdast-util-from-markdown": "mdast-util-from-markdown@2.0.0",
          "mdast-util-gfm-autolink-literal": "mdast-util-gfm-autolink-literal@2.0.0",
          "mdast-util-gfm-footnote": "mdast-util-gfm-footnote@2.0.0",
          "mdast-util-gfm-strikethrough": "mdast-util-gfm-strikethrough@2.0.0",
          "mdast-util-gfm-table": "mdast-util-gfm-table@2.0.0",
          "mdast-util-gfm-task-list-item": "mdast-util-gfm-task-list-item@2.0.0",
          "mdast-util-to-markdown": "mdast-util-to-markdown@2.1.0"
        }
      },
      "mdast-util-phrasing@4.1.0": {
        "integrity": "sha512-TqICwyvJJpBwvGAMZjj4J2n0X8QWp21b9l0o7eXyVJ25YNWYbJDVIyD1bZXE6WtV6RmKJVYmQAKWa0zWOABz2w==",
        "dependencies": {
          "@types/mdast": "@types/mdast@4.0.4",
          "unist-util-is": "unist-util-is@6.0.0"
        }
      },
      "mdast-util-to-hast@13.1.0": {
        "integrity": "sha512-/e2l/6+OdGp/FB+ctrJ9Avz71AN/GRH3oi/3KAx/kMnoUsD6q0woXlDT8lLEeViVKE7oZxE7RXzvO3T8kF2/sA==",
        "dependencies": {
          "@types/hast": "@types/hast@3.0.4",
          "@types/mdast": "@types/mdast@4.0.4",
          "@ungap/structured-clone": "@ungap/structured-clone@1.2.0",
          "devlop": "devlop@1.1.0",
          "micromark-util-sanitize-uri": "micromark-util-sanitize-uri@2.0.0",
          "trim-lines": "trim-lines@3.0.1",
          "unist-util-position": "unist-util-position@5.0.0",
          "unist-util-visit": "unist-util-visit@5.0.0",
          "vfile": "vfile@6.0.1"
        }
      },
      "mdast-util-to-markdown@2.1.0": {
        "integrity": "sha512-SR2VnIEdVNCJbP6y7kVTJgPLifdr8WEU440fQec7qHoHOUz/oJ2jmNRqdDQ3rbiStOXb2mCDGTuwsK5OPUgYlQ==",
        "dependencies": {
          "@types/mdast": "@types/mdast@4.0.4",
          "@types/unist": "@types/unist@3.0.2",
          "longest-streak": "longest-streak@3.1.0",
          "mdast-util-phrasing": "mdast-util-phrasing@4.1.0",
          "mdast-util-to-string": "mdast-util-to-string@4.0.0",
          "micromark-util-decode-string": "micromark-util-decode-string@2.0.0",
          "unist-util-visit": "unist-util-visit@5.0.0",
          "zwitch": "zwitch@2.0.4"
        }
      },
      "mdast-util-to-string@4.0.0": {
        "integrity": "sha512-0H44vDimn51F0YwvxSJSm0eCDOJTRlmN0R1yBh4HLj9wiV1Dn0QoXGbvFAWj2hSItVTlCmBF1hqKlIyUBVFLPg==",
        "dependencies": {
          "@types/mdast": "@types/mdast@4.0.4"
        }
      },
      "micromark-core-commonmark@2.0.1": {
        "integrity": "sha512-CUQyKr1e///ZODyD1U3xit6zXwy1a8q2a1S1HKtIlmgvurrEpaw/Y9y6KSIbF8P59cn/NjzHyO+Q2fAyYLQrAA==",
        "dependencies": {
          "decode-named-character-reference": "decode-named-character-reference@1.0.2",
          "devlop": "devlop@1.1.0",
          "micromark-factory-destination": "micromark-factory-destination@2.0.0",
          "micromark-factory-label": "micromark-factory-label@2.0.0",
          "micromark-factory-space": "micromark-factory-space@2.0.0",
          "micromark-factory-title": "micromark-factory-title@2.0.0",
          "micromark-factory-whitespace": "micromark-factory-whitespace@2.0.0",
          "micromark-util-character": "micromark-util-character@2.1.0",
          "micromark-util-chunked": "micromark-util-chunked@2.0.0",
          "micromark-util-classify-character": "micromark-util-classify-character@2.0.0",
          "micromark-util-html-tag-name": "micromark-util-html-tag-name@2.0.0",
          "micromark-util-normalize-identifier": "micromark-util-normalize-identifier@2.0.0",
          "micromark-util-resolve-all": "micromark-util-resolve-all@2.0.0",
          "micromark-util-subtokenize": "micromark-util-subtokenize@2.0.1",
          "micromark-util-symbol": "micromark-util-symbol@2.0.0",
          "micromark-util-types": "micromark-util-types@2.0.0"
        }
      },
      "micromark-extension-gfm-autolink-literal@2.0.0": {
        "integrity": "sha512-rTHfnpt/Q7dEAK1Y5ii0W8bhfJlVJFnJMHIPisfPK3gpVNuOP0VnRl96+YJ3RYWV/P4gFeQoGKNlT3RhuvpqAg==",
        "dependencies": {
          "micromark-util-character": "micromark-util-character@2.1.0",
          "micromark-util-sanitize-uri": "micromark-util-sanitize-uri@2.0.0",
          "micromark-util-symbol": "micromark-util-symbol@2.0.0",
          "micromark-util-types": "micromark-util-types@2.0.0"
        }
      },
      "micromark-extension-gfm-footnote@2.0.0": {
        "integrity": "sha512-6Rzu0CYRKDv3BfLAUnZsSlzx3ak6HAoI85KTiijuKIz5UxZxbUI+pD6oHgw+6UtQuiRwnGRhzMmPRv4smcz0fg==",
        "dependencies": {
          "devlop": "devlop@1.1.0",
          "micromark-core-commonmark": "micromark-core-commonmark@2.0.1",
          "micromark-factory-space": "micromark-factory-space@2.0.0",
          "micromark-util-character": "micromark-util-character@2.1.0",
          "micromark-util-normalize-identifier": "micromark-util-normalize-identifier@2.0.0",
          "micromark-util-sanitize-uri": "micromark-util-sanitize-uri@2.0.0",
          "micromark-util-symbol": "micromark-util-symbol@2.0.0",
          "micromark-util-types": "micromark-util-types@2.0.0"
        }
      },
      "micromark-extension-gfm-strikethrough@2.0.0": {
        "integrity": "sha512-c3BR1ClMp5fxxmwP6AoOY2fXO9U8uFMKs4ADD66ahLTNcwzSCyRVU4k7LPV5Nxo/VJiR4TdzxRQY2v3qIUceCw==",
        "dependencies": {
          "devlop": "devlop@1.1.0",
          "micromark-util-chunked": "micromark-util-chunked@2.0.0",
          "micromark-util-classify-character": "micromark-util-classify-character@2.0.0",
          "micromark-util-resolve-all": "micromark-util-resolve-all@2.0.0",
          "micromark-util-symbol": "micromark-util-symbol@2.0.0",
          "micromark-util-types": "micromark-util-types@2.0.0"
        }
      },
      "micromark-extension-gfm-table@2.0.0": {
        "integrity": "sha512-PoHlhypg1ItIucOaHmKE8fbin3vTLpDOUg8KAr8gRCF1MOZI9Nquq2i/44wFvviM4WuxJzc3demT8Y3dkfvYrw==",
        "dependencies": {
          "devlop": "devlop@1.1.0",
          "micromark-factory-space": "micromark-factory-space@2.0.0",
          "micromark-util-character": "micromark-util-character@2.1.0",
          "micromark-util-symbol": "micromark-util-symbol@2.0.0",
          "micromark-util-types": "micromark-util-types@2.0.0"
        }
      },
      "micromark-extension-gfm-tagfilter@2.0.0": {
        "integrity": "sha512-xHlTOmuCSotIA8TW1mDIM6X2O1SiX5P9IuDtqGonFhEK0qgRI4yeC6vMxEV2dgyr2TiD+2PQ10o+cOhdVAcwfg==",
        "dependencies": {
          "micromark-util-types": "micromark-util-types@2.0.0"
        }
      },
      "micromark-extension-gfm-task-list-item@2.0.1": {
        "integrity": "sha512-cY5PzGcnULaN5O7T+cOzfMoHjBW7j+T9D2sucA5d/KbsBTPcYdebm9zUd9zzdgJGCwahV+/W78Z3nbulBYVbTw==",
        "dependencies": {
          "devlop": "devlop@1.1.0",
          "micromark-factory-space": "micromark-factory-space@2.0.0",
          "micromark-util-character": "micromark-util-character@2.1.0",
          "micromark-util-symbol": "micromark-util-symbol@2.0.0",
          "micromark-util-types": "micromark-util-types@2.0.0"
        }
      },
      "micromark-extension-gfm@3.0.0": {
        "integrity": "sha512-vsKArQsicm7t0z2GugkCKtZehqUm31oeGBV/KVSorWSy8ZlNAv7ytjFhvaryUiCUJYqs+NoE6AFhpQvBTM6Q4w==",
        "dependencies": {
          "micromark-extension-gfm-autolink-literal": "micromark-extension-gfm-autolink-literal@2.0.0",
          "micromark-extension-gfm-footnote": "micromark-extension-gfm-footnote@2.0.0",
          "micromark-extension-gfm-strikethrough": "micromark-extension-gfm-strikethrough@2.0.0",
          "micromark-extension-gfm-table": "micromark-extension-gfm-table@2.0.0",
          "micromark-extension-gfm-tagfilter": "micromark-extension-gfm-tagfilter@2.0.0",
          "micromark-extension-gfm-task-list-item": "micromark-extension-gfm-task-list-item@2.0.1",
          "micromark-util-combine-extensions": "micromark-util-combine-extensions@2.0.0",
          "micromark-util-types": "micromark-util-types@2.0.0"
        }
      },
      "micromark-factory-destination@2.0.0": {
        "integrity": "sha512-j9DGrQLm/Uhl2tCzcbLhy5kXsgkHUrjJHg4fFAeoMRwJmJerT9aw4FEhIbZStWN8A3qMwOp1uzHr4UL8AInxtA==",
        "dependencies": {
          "micromark-util-character": "micromark-util-character@2.1.0",
          "micromark-util-symbol": "micromark-util-symbol@2.0.0",
          "micromark-util-types": "micromark-util-types@2.0.0"
        }
      },
      "micromark-factory-label@2.0.0": {
        "integrity": "sha512-RR3i96ohZGde//4WSe/dJsxOX6vxIg9TimLAS3i4EhBAFx8Sm5SmqVfR8E87DPSR31nEAjZfbt91OMZWcNgdZw==",
        "dependencies": {
          "devlop": "devlop@1.1.0",
          "micromark-util-character": "micromark-util-character@2.1.0",
          "micromark-util-symbol": "micromark-util-symbol@2.0.0",
          "micromark-util-types": "micromark-util-types@2.0.0"
        }
      },
      "micromark-factory-space@2.0.0": {
        "integrity": "sha512-TKr+LIDX2pkBJXFLzpyPyljzYK3MtmllMUMODTQJIUfDGncESaqB90db9IAUcz4AZAJFdd8U9zOp9ty1458rxg==",
        "dependencies": {
          "micromark-util-character": "micromark-util-character@2.1.0",
          "micromark-util-types": "micromark-util-types@2.0.0"
        }
      },
      "micromark-factory-title@2.0.0": {
        "integrity": "sha512-jY8CSxmpWLOxS+t8W+FG3Xigc0RDQA9bKMY/EwILvsesiRniiVMejYTE4wumNc2f4UbAa4WsHqe3J1QS1sli+A==",
        "dependencies": {
          "micromark-factory-space": "micromark-factory-space@2.0.0",
          "micromark-util-character": "micromark-util-character@2.1.0",
          "micromark-util-symbol": "micromark-util-symbol@2.0.0",
          "micromark-util-types": "micromark-util-types@2.0.0"
        }
      },
      "micromark-factory-whitespace@2.0.0": {
        "integrity": "sha512-28kbwaBjc5yAI1XadbdPYHX/eDnqaUFVikLwrO7FDnKG7lpgxnvk/XGRhX/PN0mOZ+dBSZ+LgunHS+6tYQAzhA==",
        "dependencies": {
          "micromark-factory-space": "micromark-factory-space@2.0.0",
          "micromark-util-character": "micromark-util-character@2.1.0",
          "micromark-util-symbol": "micromark-util-symbol@2.0.0",
          "micromark-util-types": "micromark-util-types@2.0.0"
        }
      },
      "micromark-util-character@2.1.0": {
        "integrity": "sha512-KvOVV+X1yLBfs9dCBSopq/+G1PcgT3lAK07mC4BzXi5E7ahzMAF8oIupDDJ6mievI6F+lAATkbQQlQixJfT3aQ==",
        "dependencies": {
          "micromark-util-symbol": "micromark-util-symbol@2.0.0",
          "micromark-util-types": "micromark-util-types@2.0.0"
        }
      },
      "micromark-util-chunked@2.0.0": {
        "integrity": "sha512-anK8SWmNphkXdaKgz5hJvGa7l00qmcaUQoMYsBwDlSKFKjc6gjGXPDw3FNL3Nbwq5L8gE+RCbGqTw49FK5Qyvg==",
        "dependencies": {
          "micromark-util-symbol": "micromark-util-symbol@2.0.0"
        }
      },
      "micromark-util-classify-character@2.0.0": {
        "integrity": "sha512-S0ze2R9GH+fu41FA7pbSqNWObo/kzwf8rN/+IGlW/4tC6oACOs8B++bh+i9bVyNnwCcuksbFwsBme5OCKXCwIw==",
        "dependencies": {
          "micromark-util-character": "micromark-util-character@2.1.0",
          "micromark-util-symbol": "micromark-util-symbol@2.0.0",
          "micromark-util-types": "micromark-util-types@2.0.0"
        }
      },
      "micromark-util-combine-extensions@2.0.0": {
        "integrity": "sha512-vZZio48k7ON0fVS3CUgFatWHoKbbLTK/rT7pzpJ4Bjp5JjkZeasRfrS9wsBdDJK2cJLHMckXZdzPSSr1B8a4oQ==",
        "dependencies": {
          "micromark-util-chunked": "micromark-util-chunked@2.0.0",
          "micromark-util-types": "micromark-util-types@2.0.0"
        }
      },
      "micromark-util-decode-numeric-character-reference@2.0.1": {
        "integrity": "sha512-bmkNc7z8Wn6kgjZmVHOX3SowGmVdhYS7yBpMnuMnPzDq/6xwVA604DuOXMZTO1lvq01g+Adfa0pE2UKGlxL1XQ==",
        "dependencies": {
          "micromark-util-symbol": "micromark-util-symbol@2.0.0"
        }
      },
      "micromark-util-decode-string@2.0.0": {
        "integrity": "sha512-r4Sc6leeUTn3P6gk20aFMj2ntPwn6qpDZqWvYmAG6NgvFTIlj4WtrAudLi65qYoaGdXYViXYw2pkmn7QnIFasA==",
        "dependencies": {
          "decode-named-character-reference": "decode-named-character-reference@1.0.2",
          "micromark-util-character": "micromark-util-character@2.1.0",
          "micromark-util-decode-numeric-character-reference": "micromark-util-decode-numeric-character-reference@2.0.1",
          "micromark-util-symbol": "micromark-util-symbol@2.0.0"
        }
      },
      "micromark-util-encode@2.0.0": {
        "integrity": "sha512-pS+ROfCXAGLWCOc8egcBvT0kf27GoWMqtdarNfDcjb6YLuV5cM3ioG45Ys2qOVqeqSbjaKg72vU+Wby3eddPsA==",
        "dependencies": {}
      },
      "micromark-util-html-tag-name@2.0.0": {
        "integrity": "sha512-xNn4Pqkj2puRhKdKTm8t1YHC/BAjx6CEwRFXntTaRf/x16aqka6ouVoutm+QdkISTlT7e2zU7U4ZdlDLJd2Mcw==",
        "dependencies": {}
      },
      "micromark-util-normalize-identifier@2.0.0": {
        "integrity": "sha512-2xhYT0sfo85FMrUPtHcPo2rrp1lwbDEEzpx7jiH2xXJLqBuy4H0GgXk5ToU8IEwoROtXuL8ND0ttVa4rNqYK3w==",
        "dependencies": {
          "micromark-util-symbol": "micromark-util-symbol@2.0.0"
        }
      },
      "micromark-util-resolve-all@2.0.0": {
        "integrity": "sha512-6KU6qO7DZ7GJkaCgwBNtplXCvGkJToU86ybBAUdavvgsCiG8lSSvYxr9MhwmQ+udpzywHsl4RpGJsYWG1pDOcA==",
        "dependencies": {
          "micromark-util-types": "micromark-util-types@2.0.0"
        }
      },
      "micromark-util-sanitize-uri@2.0.0": {
        "integrity": "sha512-WhYv5UEcZrbAtlsnPuChHUAsu/iBPOVaEVsntLBIdpibO0ddy8OzavZz3iL2xVvBZOpolujSliP65Kq0/7KIYw==",
        "dependencies": {
          "micromark-util-character": "micromark-util-character@2.1.0",
          "micromark-util-encode": "micromark-util-encode@2.0.0",
          "micromark-util-symbol": "micromark-util-symbol@2.0.0"
        }
      },
      "micromark-util-subtokenize@2.0.1": {
        "integrity": "sha512-jZNtiFl/1aY73yS3UGQkutD0UbhTt68qnRpw2Pifmz5wV9h8gOVsN70v+Lq/f1rKaU/W8pxRe8y8Q9FX1AOe1Q==",
        "dependencies": {
          "devlop": "devlop@1.1.0",
          "micromark-util-chunked": "micromark-util-chunked@2.0.0",
          "micromark-util-symbol": "micromark-util-symbol@2.0.0",
          "micromark-util-types": "micromark-util-types@2.0.0"
        }
      },
      "micromark-util-symbol@2.0.0": {
        "integrity": "sha512-8JZt9ElZ5kyTnO94muPxIGS8oyElRJaiJO8EzV6ZSyGQ1Is8xwl4Q45qU5UOg+bGH4AikWziz0iN4sFLWs8PGw==",
        "dependencies": {}
      },
      "micromark-util-types@2.0.0": {
        "integrity": "sha512-oNh6S2WMHWRZrmutsRmDDfkzKtxF+bc2VxLC9dvtrDIRFln627VsFP6fLMgTryGDljgLPjkrzQSDcPrjPyDJ5w==",
        "dependencies": {}
      },
      "micromark@4.0.0": {
        "integrity": "sha512-o/sd0nMof8kYff+TqcDx3VSrgBTcZpSvYcAHIfHhv5VAuNmisCxjhx6YmxS8PFEpb9z5WKWKPdzf0jM23ro3RQ==",
        "dependencies": {
          "@types/debug": "@types/debug@4.1.12",
          "debug": "debug@4.3.4",
          "decode-named-character-reference": "decode-named-character-reference@1.0.2",
          "devlop": "devlop@1.1.0",
          "micromark-core-commonmark": "micromark-core-commonmark@2.0.1",
          "micromark-factory-space": "micromark-factory-space@2.0.0",
          "micromark-util-character": "micromark-util-character@2.1.0",
          "micromark-util-chunked": "micromark-util-chunked@2.0.0",
          "micromark-util-combine-extensions": "micromark-util-combine-extensions@2.0.0",
          "micromark-util-decode-numeric-character-reference": "micromark-util-decode-numeric-character-reference@2.0.1",
          "micromark-util-encode": "micromark-util-encode@2.0.0",
          "micromark-util-normalize-identifier": "micromark-util-normalize-identifier@2.0.0",
          "micromark-util-resolve-all": "micromark-util-resolve-all@2.0.0",
          "micromark-util-sanitize-uri": "micromark-util-sanitize-uri@2.0.0",
          "micromark-util-subtokenize": "micromark-util-subtokenize@2.0.1",
          "micromark-util-symbol": "micromark-util-symbol@2.0.0",
          "micromark-util-types": "micromark-util-types@2.0.0"
        }
      },
      "ms@2.1.2": {
        "integrity": "sha512-sGkPx+VjMtmA6MX27oA4FBFELFCZZ4S4XqeGOXCv68tT+jb3vk/RyaKWP0PTKyWtmLSM0b+adUTEvbs1PEaH2w==",
        "dependencies": {}
      },
      "parse5@7.1.2": {
        "integrity": "sha512-Czj1WaSVpaoj0wbhMzLmWD69anp2WH7FXMB9n1Sy8/ZFF9jolSQVMu1Ij5WIyGmcBmhk7EOndpO4mIpihVqAXw==",
        "dependencies": {
          "entities": "entities@4.5.0"
        }
      },
      "property-information@6.5.0": {
        "integrity": "sha512-PgTgs/BlvHxOu8QuEN7wi5A0OmXaBcHpmCSTehcs6Uuu9IkDIEo13Hy7n898RHfrQ49vKCoGeWZSaAK01nwVig==",
        "dependencies": {}
      },
      "rehype-stringify@10.0.0": {
        "integrity": "sha512-1TX1i048LooI9QoecrXy7nGFFbFSufxVRAfc6Y9YMRAi56l+oB0zP51mLSV312uRuvVLPV1opSlJmslozR1XHQ==",
        "dependencies": {
          "@types/hast": "@types/hast@3.0.4",
          "hast-util-to-html": "hast-util-to-html@9.0.1",
          "unified": "unified@11.0.4"
        }
      },
      "remark-gfm@4.0.0": {
        "integrity": "sha512-U92vJgBPkbw4Zfu/IiW2oTZLSL3Zpv+uI7My2eq8JxKgqraFdU8YUGicEJCEgSbeaG+QDFqIcwwfMTOEelPxuA==",
        "dependencies": {
          "@types/mdast": "@types/mdast@4.0.4",
          "mdast-util-gfm": "mdast-util-gfm@3.0.0",
          "micromark-extension-gfm": "micromark-extension-gfm@3.0.0",
          "remark-parse": "remark-parse@11.0.0",
          "remark-stringify": "remark-stringify@11.0.0",
          "unified": "unified@11.0.4"
        }
      },
      "remark-parse@11.0.0": {
        "integrity": "sha512-FCxlKLNGknS5ba/1lmpYijMUzX2esxW5xQqjWxw2eHFfS2MSdaHVINFmhjo+qN1WhZhNimq0dZATN9pH0IDrpA==",
        "dependencies": {
          "@types/mdast": "@types/mdast@4.0.4",
          "mdast-util-from-markdown": "mdast-util-from-markdown@2.0.0",
          "micromark-util-types": "micromark-util-types@2.0.0",
          "unified": "unified@11.0.4"
        }
      },
      "remark-rehype@11.1.0": {
        "integrity": "sha512-z3tJrAs2kIs1AqIIy6pzHmAHlF1hWQ+OdY4/hv+Wxe35EhyLKcajL33iUEn3ScxtFox9nUvRufR/Zre8Q08H/g==",
        "dependencies": {
          "@types/hast": "@types/hast@3.0.4",
          "@types/mdast": "@types/mdast@4.0.4",
          "mdast-util-to-hast": "mdast-util-to-hast@13.1.0",
          "unified": "unified@11.0.4",
          "vfile": "vfile@6.0.1"
        }
      },
      "remark-stringify@11.0.0": {
        "integrity": "sha512-1OSmLd3awB/t8qdoEOMazZkNsfVTeY4fTsgzcQFdXNq8ToTN4ZGwrMnlda4K6smTFKD+GRV6O48i6Z4iKgPPpw==",
        "dependencies": {
          "@types/mdast": "@types/mdast@4.0.4",
          "mdast-util-to-markdown": "mdast-util-to-markdown@2.1.0",
          "unified": "unified@11.0.4"
        }
      },
      "space-separated-tokens@2.0.2": {
        "integrity": "sha512-PEGlAwrG8yXGXRjW32fGbg66JAlOAwbObuqVoJpv/mRgoWDQfgH1wDPvtzWyUSNAXBGSk8h755YDbbcEy3SH2Q==",
        "dependencies": {}
      },
      "stringify-entities@4.0.4": {
        "integrity": "sha512-IwfBptatlO+QCJUo19AqvrPNqlVMpW9YEL2LIVY+Rpv2qsjCGxaDLNRgeGsQWJhfItebuJhsGSLjaBbNSQ+ieg==",
        "dependencies": {
          "character-entities-html4": "character-entities-html4@2.1.0",
          "character-entities-legacy": "character-entities-legacy@3.0.0"
        }
      },
      "trim-lines@3.0.1": {
        "integrity": "sha512-kRj8B+YHZCc9kQYdWfJB2/oUl9rA99qbowYYBtr4ui4mZyAQ2JpvVBd/6U2YloATfqBhBTSMhTpgBHtU0Mf3Rg==",
        "dependencies": {}
      },
      "trough@2.2.0": {
        "integrity": "sha512-tmMpK00BjZiUyVyvrBK7knerNgmgvcV/KLVyuma/SC+TQN167GrMRciANTz09+k3zW8L8t60jWO1GpfkZdjTaw==",
        "dependencies": {}
      },
      "unified@11.0.4": {
        "integrity": "sha512-apMPnyLjAX+ty4OrNap7yumyVAMlKx5IWU2wlzzUdYJO9A8f1p9m/gywF/GM2ZDFcjQPrx59Mc90KwmxsoklxQ==",
        "dependencies": {
          "@types/unist": "@types/unist@3.0.2",
          "bail": "bail@2.0.2",
          "devlop": "devlop@1.1.0",
          "extend": "extend@3.0.2",
          "is-plain-obj": "is-plain-obj@4.1.0",
          "trough": "trough@2.2.0",
          "vfile": "vfile@6.0.1"
        }
      },
      "unist-util-is@6.0.0": {
        "integrity": "sha512-2qCTHimwdxLfz+YzdGfkqNlH0tLi9xjTnHddPmJwtIG9MGsdbutfTc4P+haPD7l7Cjxf/WZj+we5qfVPvvxfYw==",
        "dependencies": {
          "@types/unist": "@types/unist@3.0.2"
        }
      },
      "unist-util-position@5.0.0": {
        "integrity": "sha512-fucsC7HjXvkB5R3kTCO7kUjRdrS0BJt3M/FPxmHMBOm8JQi2BsHAHFsy27E0EolP8rp0NzXsJ+jNPyDWvOJZPA==",
        "dependencies": {
          "@types/unist": "@types/unist@3.0.2"
        }
      },
      "unist-util-stringify-position@4.0.0": {
        "integrity": "sha512-0ASV06AAoKCDkS2+xw5RXJywruurpbC4JZSm7nr7MOt1ojAzvyyaO+UxZf18j8FCF6kmzCZKcAgN/yu2gm2XgQ==",
        "dependencies": {
          "@types/unist": "@types/unist@3.0.2"
        }
      },
      "unist-util-visit-parents@6.0.1": {
        "integrity": "sha512-L/PqWzfTP9lzzEa6CKs0k2nARxTdZduw3zyh8d2NVBnsyvHjSX4TWse388YrrQKbvI8w20fGjGlhgT96WwKykw==",
        "dependencies": {
          "@types/unist": "@types/unist@3.0.2",
          "unist-util-is": "unist-util-is@6.0.0"
        }
      },
      "unist-util-visit@5.0.0": {
        "integrity": "sha512-MR04uvD+07cwl/yhVuVWAtw+3GOR/knlL55Nd/wAdblk27GCVt3lqpTivy/tkJcZoNPzTwS1Y+KMojlLDhoTzg==",
        "dependencies": {
          "@types/unist": "@types/unist@3.0.2",
          "unist-util-is": "unist-util-is@6.0.0",
          "unist-util-visit-parents": "unist-util-visit-parents@6.0.1"
        }
      },
      "vfile-location@5.0.2": {
        "integrity": "sha512-NXPYyxyBSH7zB5U6+3uDdd6Nybz6o6/od9rk8bp9H8GR3L+cm/fC0uUTbqBmUTnMCUDslAGBOIKNfvvb+gGlDg==",
        "dependencies": {
          "@types/unist": "@types/unist@3.0.2",
          "vfile": "vfile@6.0.1"
        }
      },
      "vfile-message@4.0.2": {
        "integrity": "sha512-jRDZ1IMLttGj41KcZvlrYAaI3CfqpLpfpf+Mfig13viT6NKvRzWZ+lXz0Y5D60w6uJIBAOGq9mSHf0gktF0duw==",
        "dependencies": {
          "@types/unist": "@types/unist@3.0.2",
          "unist-util-stringify-position": "unist-util-stringify-position@4.0.0"
        }
      },
      "vfile@6.0.1": {
        "integrity": "sha512-1bYqc7pt6NIADBJ98UiG0Bn/CHIVOoZ/IyEkqIruLg0mE1BKzkOXY2D6CSqQIcKqgadppE5lrxgWXJmXd7zZJw==",
        "dependencies": {
          "@types/unist": "@types/unist@3.0.2",
          "unist-util-stringify-position": "unist-util-stringify-position@4.0.0",
          "vfile-message": "vfile-message@4.0.2"
        }
      },
      "web-namespaces@2.0.1": {
        "integrity": "sha512-bKr1DkiNa2krS7qxNtdrtHAmzuYGFQLiQ13TsorsdT6ULTkPLKuu5+GsFpDlg6JFjUTwX2DyhMPG2be8uPrqsQ==",
        "dependencies": {}
      },
      "zwitch@2.0.4": {
        "integrity": "sha512-bXE4cR/kVZhKZX/RjPEflHaKVhUVl85noU3v6b8apfQEc1x4A+zBxjZ4lN8LqGd6WZ3dl98pY4o717VFmoPp+A==",
        "dependencies": {}
      }
    }
  },
  "remote": {
    "https://deno.land/std@0.204.0/assert/_constants.ts": "8a9da298c26750b28b326b297316cdde860bc237533b07e1337c021379e6b2a9",
    "https://deno.land/std@0.204.0/assert/_diff.ts": "58e1461cc61d8eb1eacbf2a010932bf6a05b79344b02ca38095f9b805795dc48",
    "https://deno.land/std@0.204.0/assert/_format.ts": "a69126e8a469009adf4cf2a50af889aca364c349797e63174884a52ff75cf4c7",
    "https://deno.land/std@0.204.0/assert/assert.ts": "9a97dad6d98c238938e7540736b826440ad8c1c1e54430ca4c4e623e585607ee",
    "https://deno.land/std@0.204.0/assert/assert_almost_equals.ts": "e15ca1f34d0d5e0afae63b3f5d975cbd18335a132e42b0c747d282f62ad2cd6c",
    "https://deno.land/std@0.204.0/assert/assert_array_includes.ts": "6856d7f2c3544bc6e62fb4646dfefa3d1df5ff14744d1bca19f0cbaf3b0d66c9",
    "https://deno.land/std@0.204.0/assert/assert_equals.ts": "d8ec8a22447fbaf2fc9d7c3ed2e66790fdb74beae3e482855d75782218d68227",
    "https://deno.land/std@0.204.0/assert/assert_exists.ts": "407cb6b9fb23a835cd8d5ad804e2e2edbbbf3870e322d53f79e1c7a512e2efd7",
    "https://deno.land/std@0.204.0/assert/assert_false.ts": "0ccbcaae910f52c857192ff16ea08bda40fdc79de80846c206bfc061e8c851c6",
    "https://deno.land/std@0.204.0/assert/assert_greater.ts": "ae2158a2d19313bf675bf7251d31c6dc52973edb12ac64ac8fc7064152af3e63",
    "https://deno.land/std@0.204.0/assert/assert_greater_or_equal.ts": "1439da5ebbe20855446cac50097ac78b9742abe8e9a43e7de1ce1426d556e89c",
    "https://deno.land/std@0.204.0/assert/assert_instance_of.ts": "3aedb3d8186e120812d2b3a5dea66a6e42bf8c57a8bd927645770bd21eea554c",
    "https://deno.land/std@0.204.0/assert/assert_is_error.ts": "c21113094a51a296ffaf036767d616a78a2ae5f9f7bbd464cd0197476498b94b",
    "https://deno.land/std@0.204.0/assert/assert_less.ts": "aec695db57db42ec3e2b62e97e1e93db0063f5a6ec133326cc290ff4b71b47e4",
    "https://deno.land/std@0.204.0/assert/assert_less_or_equal.ts": "5fa8b6a3ffa20fd0a05032fe7257bf985d207b85685fdbcd23651b70f928c848",
    "https://deno.land/std@0.204.0/assert/assert_match.ts": "c4083f80600bc190309903c95e397a7c9257ff8b5ae5c7ef91e834704e672e9b",
    "https://deno.land/std@0.204.0/assert/assert_not_equals.ts": "9f1acab95bd1f5fc9a1b17b8027d894509a745d91bac1718fdab51dc76831754",
    "https://deno.land/std@0.204.0/assert/assert_not_instance_of.ts": "0c14d3dfd9ab7a5276ed8ed0b18c703d79a3d106102077ec437bfe7ed912bd22",
    "https://deno.land/std@0.204.0/assert/assert_not_match.ts": "3796a5b0c57a1ce6c1c57883dd4286be13a26f715ea662318ab43a8491a13ab0",
    "https://deno.land/std@0.204.0/assert/assert_not_strict_equals.ts": "ca6c6d645e95fbc873d25320efeb8c4c6089a9a5e09f92d7c1c4b6e935c2a6ad",
    "https://deno.land/std@0.204.0/assert/assert_object_match.ts": "d8fc2867cfd92eeacf9cea621e10336b666de1874a6767b5ec48988838370b54",
    "https://deno.land/std@0.204.0/assert/assert_rejects.ts": "45c59724de2701e3b1f67c391d6c71c392363635aad3f68a1b3408f9efca0057",
    "https://deno.land/std@0.204.0/assert/assert_strict_equals.ts": "b1f538a7ea5f8348aeca261d4f9ca603127c665e0f2bbfeb91fa272787c87265",
    "https://deno.land/std@0.204.0/assert/assert_string_includes.ts": "b821d39ebf5cb0200a348863c86d8c4c4b398e02012ce74ad15666fc4b631b0c",
    "https://deno.land/std@0.204.0/assert/assert_throws.ts": "63784e951475cb7bdfd59878cd25a0931e18f6dc32a6077c454b2cd94f4f4bcd",
    "https://deno.land/std@0.204.0/assert/assertion_error.ts": "4d0bde9b374dfbcbe8ac23f54f567b77024fb67dbb1906a852d67fe050d42f56",
    "https://deno.land/std@0.204.0/assert/equal.ts": "9f1a46d5993966d2596c44e5858eec821859b45f783a5ee2f7a695dfc12d8ece",
    "https://deno.land/std@0.204.0/assert/fail.ts": "c36353d7ae6e1f7933d45f8ea51e358c8c4b67d7e7502028598fe1fea062e278",
    "https://deno.land/std@0.204.0/assert/mod.ts": "37c49a26aae2b254bbe25723434dc28cd7532e444cf0b481a97c045d110ec085",
    "https://deno.land/std@0.204.0/assert/unimplemented.ts": "d56fbeecb1f108331a380f72e3e010a1f161baa6956fd0f7cf3e095ae1a4c75a",
    "https://deno.land/std@0.204.0/assert/unreachable.ts": "4600dc0baf7d9c15a7f7d234f00c23bca8f3eba8b140286aaca7aa998cf9a536",
    "https://deno.land/std@0.204.0/fmt/colors.ts": "c51c4642678eb690dcf5ffee5918b675bf01a33fba82acf303701ae1a4f8c8d9"
  }
}
